// !$*UTF8*$!
{
	archiveVersion = 1;
	classes = {
	};
	objectVersion = 55;
	objects = {

/* Begin PBXBuildFile section */
		BE0926CE27F070370061E87E /* GalleryPresenter.swift in Sources */ = {isa = PBXBuildFile; fileRef = BE0926CD27F070370061E87E /* GalleryPresenter.swift */; };
		BE0926D027F070400061E87E /* GalleryModel.swift in Sources */ = {isa = PBXBuildFile; fileRef = BE0926CF27F070400061E87E /* GalleryModel.swift */; };
		BE0926D227F0704E0061E87E /* GalleryConfigurator.swift in Sources */ = {isa = PBXBuildFile; fileRef = BE0926D127F0704E0061E87E /* GalleryConfigurator.swift */; };
		BE0926D627F078B40061E87E /* GalleryCollectionViewCell.swift in Sources */ = {isa = PBXBuildFile; fileRef = BE0926D427F078B40061E87E /* GalleryCollectionViewCell.swift */; };
		BE0926D727F078B40061E87E /* GalleryCollectionViewCell.xib in Resources */ = {isa = PBXBuildFile; fileRef = BE0926D527F078B40061E87E /* GalleryCollectionViewCell.xib */; };
		BE0926D927F0ACDD0061E87E /* Album.swift in Sources */ = {isa = PBXBuildFile; fileRef = BE0926D827F0ACDD0061E87E /* Album.swift */; };
		BE0926DB27F0FBBD0061E87E /* ResponseHandler.swift in Sources */ = {isa = PBXBuildFile; fileRef = BE0926DA27F0FBBD0061E87E /* ResponseHandler.swift */; };
		BE0926DD27F200380061E87E /* UIBarButtonItemExtension.swift in Sources */ = {isa = PBXBuildFile; fileRef = BE0926DC27F200380061E87E /* UIBarButtonItemExtension.swift */; };
		BE0926DF27F2019F0061E87E /* NavigationControllerExtension.swift in Sources */ = {isa = PBXBuildFile; fileRef = BE0926DE27F2019F0061E87E /* NavigationControllerExtension.swift */; };
		BE40184827EF2F6D00F2E1DD /* NetworkService.swift in Sources */ = {isa = PBXBuildFile; fileRef = BE40184727EF2F6D00F2E1DD /* NetworkService.swift */; };
		BE40184A27EF2F7F00F2E1DD /* RequestBuilder.swift in Sources */ = {isa = PBXBuildFile; fileRef = BE40184927EF2F7F00F2E1DD /* RequestBuilder.swift */; };
		BE40184E27EF307900F2E1DD /* Constants.swift in Sources */ = {isa = PBXBuildFile; fileRef = BE40184D27EF307900F2E1DD /* Constants.swift */; };
		BE5B086527EF4425000DCE48 /* AuthViewController.swift in Sources */ = {isa = PBXBuildFile; fileRef = BE5B086327EF4425000DCE48 /* AuthViewController.swift */; };
		BE5B086627EF4425000DCE48 /* AuthViewController.xib in Resources */ = {isa = PBXBuildFile; fileRef = BE5B086427EF4425000DCE48 /* AuthViewController.xib */; };
		BE5B086B27EF45CB000DCE48 /* AuthPresenter.swift in Sources */ = {isa = PBXBuildFile; fileRef = BE5B086A27EF45CB000DCE48 /* AuthPresenter.swift */; };
		BE5B086D27EF45D7000DCE48 /* AuthModel.swift in Sources */ = {isa = PBXBuildFile; fileRef = BE5B086C27EF45D7000DCE48 /* AuthModel.swift */; };
		BE5B086F27EF45E3000DCE48 /* AuthConfigurator.swift in Sources */ = {isa = PBXBuildFile; fileRef = BE5B086E27EF45E3000DCE48 /* AuthConfigurator.swift */; };
		BE5B087127EF4C07000DCE48 /* URLExtension.swift in Sources */ = {isa = PBXBuildFile; fileRef = BE5B087027EF4C07000DCE48 /* URLExtension.swift */; };
		BE5B087427EF55B4000DCE48 /* Token.swift in Sources */ = {isa = PBXBuildFile; fileRef = BE5B087327EF55B4000DCE48 /* Token.swift */; };
		BEC0CD4927EE5DAD000331A0 /* WelcomePresenter.swift in Sources */ = {isa = PBXBuildFile; fileRef = BEC0CD4827EE5DAD000331A0 /* WelcomePresenter.swift */; };
		BEC0CD4C27EE5E40000331A0 /* WelcomeModel.swift in Sources */ = {isa = PBXBuildFile; fileRef = BEC0CD4B27EE5E40000331A0 /* WelcomeModel.swift */; };
		BEC0CD4F27EE5F15000331A0 /* WelcomeConfigurator.swift in Sources */ = {isa = PBXBuildFile; fileRef = BEC0CD4E27EE5F15000331A0 /* WelcomeConfigurator.swift */; };
		BED4A9CB27EF5A77003F847C /* Storage.swift in Sources */ = {isa = PBXBuildFile; fileRef = BED4A9CA27EF5A77003F847C /* Storage.swift */; };
		BED4A9CD27EF96D2003F847C /* DesignatedError.swift in Sources */ = {isa = PBXBuildFile; fileRef = BED4A9CC27EF96D2003F847C /* DesignatedError.swift */; };
		BED4A9CF27EFA2CD003F847C /* UIAlertControllerExtension.swift in Sources */ = {isa = PBXBuildFile; fileRef = BED4A9CE27EFA2CD003F847C /* UIAlertControllerExtension.swift */; };
		BED4A9D727EFB189003F847C /* GalleryCollectionViewController.swift in Sources */ = {isa = PBXBuildFile; fileRef = BED4A9D527EFB189003F847C /* GalleryCollectionViewController.swift */; };
		BED4A9D827EFB189003F847C /* GalleryCollectionViewController.xib in Resources */ = {isa = PBXBuildFile; fileRef = BED4A9D627EFB189003F847C /* GalleryCollectionViewController.xib */; };
		BED8042027EE5039007A08F6 /* AppDelegate.swift in Sources */ = {isa = PBXBuildFile; fileRef = BED8041F27EE5039007A08F6 /* AppDelegate.swift */; };
		BED8042227EE5039007A08F6 /* SceneDelegate.swift in Sources */ = {isa = PBXBuildFile; fileRef = BED8042127EE5039007A08F6 /* SceneDelegate.swift */; };
		BED8042927EE503A007A08F6 /* Assets.xcassets in Resources */ = {isa = PBXBuildFile; fileRef = BED8042827EE503A007A08F6 /* Assets.xcassets */; };
		BED8042C27EE503A007A08F6 /* LaunchScreen.storyboard in Resources */ = {isa = PBXBuildFile; fileRef = BED8042A27EE503A007A08F6 /* LaunchScreen.storyboard */; };
		BED8043A27EE51B5007A08F6 /* WelcomeViewController.swift in Sources */ = {isa = PBXBuildFile; fileRef = BED8043827EE51B5007A08F6 /* WelcomeViewController.swift */; };
		BED8043B27EE51B5007A08F6 /* WelcomeViewController.xib in Resources */ = {isa = PBXBuildFile; fileRef = BED8043927EE51B5007A08F6 /* WelcomeViewController.xib */; };
		BEDDDED927F2589E008ECEBA /* PhotoViewController.swift in Sources */ = {isa = PBXBuildFile; fileRef = BEDDDED727F2589E008ECEBA /* PhotoViewController.swift */; };
		BEDDDEDC27F259C7008ECEBA /* PhotoPresenter.swift in Sources */ = {isa = PBXBuildFile; fileRef = BEDDDEDB27F259C7008ECEBA /* PhotoPresenter.swift */; };
		BEDDDEDE27F259D1008ECEBA /* PhotoModel.swift in Sources */ = {isa = PBXBuildFile; fileRef = BEDDDEDD27F259D1008ECEBA /* PhotoModel.swift */; };
		BEDDDEE027F25A0E008ECEBA /* PhotoConfigurator.swift in Sources */ = {isa = PBXBuildFile; fileRef = BEDDDEDF27F25A0E008ECEBA /* PhotoConfigurator.swift */; };
		BEDDDEE427F2617F008ECEBA /* PhotoCollectionViewCell.swift in Sources */ = {isa = PBXBuildFile; fileRef = BEDDDEE227F2617F008ECEBA /* PhotoCollectionViewCell.swift */; };
		BEDDDEE527F2617F008ECEBA /* PhotoCollectionViewCell.xib in Resources */ = {isa = PBXBuildFile; fileRef = BEDDDEE327F2617F008ECEBA /* PhotoCollectionViewCell.xib */; };
		BEED98BC27F31FD3007D25E6 /* PhotoViewController.xib in Resources */ = {isa = PBXBuildFile; fileRef = BEED98BB27F31FD3007D25E6 /* PhotoViewController.xib */; };
		BEED98C227F326F6007D25E6 /* ShareViewController.swift in Sources */ = {isa = PBXBuildFile; fileRef = BEED98C127F326F6007D25E6 /* ShareViewController.swift */; };
/* End PBXBuildFile section */

/* Begin PBXFileReference section */
		BE0926CD27F070370061E87E /* GalleryPresenter.swift */ = {isa = PBXFileReference; lastKnownFileType = sourcecode.swift; name = GalleryPresenter.swift; path = ../../../../../../../../../Downloads/GalleryPresenter.swift; sourceTree = "<group>"; };
		BE0926CF27F070400061E87E /* GalleryModel.swift */ = {isa = PBXFileReference; lastKnownFileType = sourcecode.swift; path = GalleryModel.swift; sourceTree = "<group>"; };
		BE0926D127F0704E0061E87E /* GalleryConfigurator.swift */ = {isa = PBXFileReference; lastKnownFileType = sourcecode.swift; path = GalleryConfigurator.swift; sourceTree = "<group>"; };
		BE0926D427F078B40061E87E /* GalleryCollectionViewCell.swift */ = {isa = PBXFileReference; lastKnownFileType = sourcecode.swift; path = GalleryCollectionViewCell.swift; sourceTree = "<group>"; };
		BE0926D527F078B40061E87E /* GalleryCollectionViewCell.xib */ = {isa = PBXFileReference; lastKnownFileType = file.xib; path = GalleryCollectionViewCell.xib; sourceTree = "<group>"; };
		BE0926D827F0ACDD0061E87E /* Album.swift */ = {isa = PBXFileReference; lastKnownFileType = sourcecode.swift; path = Album.swift; sourceTree = "<group>"; };
		BE0926DA27F0FBBD0061E87E /* ResponseHandler.swift */ = {isa = PBXFileReference; lastKnownFileType = sourcecode.swift; path = ResponseHandler.swift; sourceTree = "<group>"; };
		BE0926DC27F200380061E87E /* UIBarButtonItemExtension.swift */ = {isa = PBXFileReference; lastKnownFileType = sourcecode.swift; path = UIBarButtonItemExtension.swift; sourceTree = "<group>"; };
		BE0926DE27F2019F0061E87E /* NavigationControllerExtension.swift */ = {isa = PBXFileReference; lastKnownFileType = sourcecode.swift; path = NavigationControllerExtension.swift; sourceTree = "<group>"; };
		BE40184727EF2F6D00F2E1DD /* NetworkService.swift */ = {isa = PBXFileReference; lastKnownFileType = sourcecode.swift; path = NetworkService.swift; sourceTree = "<group>"; };
		BE40184927EF2F7F00F2E1DD /* RequestBuilder.swift */ = {isa = PBXFileReference; lastKnownFileType = sourcecode.swift; path = RequestBuilder.swift; sourceTree = "<group>"; };
		BE40184D27EF307900F2E1DD /* Constants.swift */ = {isa = PBXFileReference; lastKnownFileType = sourcecode.swift; path = Constants.swift; sourceTree = "<group>"; };
		BE5B086327EF4425000DCE48 /* AuthViewController.swift */ = {isa = PBXFileReference; lastKnownFileType = sourcecode.swift; path = AuthViewController.swift; sourceTree = "<group>"; };
		BE5B086427EF4425000DCE48 /* AuthViewController.xib */ = {isa = PBXFileReference; lastKnownFileType = file.xib; path = AuthViewController.xib; sourceTree = "<group>"; };
		BE5B086A27EF45CB000DCE48 /* AuthPresenter.swift */ = {isa = PBXFileReference; lastKnownFileType = sourcecode.swift; path = AuthPresenter.swift; sourceTree = "<group>"; };
		BE5B086C27EF45D7000DCE48 /* AuthModel.swift */ = {isa = PBXFileReference; lastKnownFileType = sourcecode.swift; path = AuthModel.swift; sourceTree = "<group>"; };
		BE5B086E27EF45E3000DCE48 /* AuthConfigurator.swift */ = {isa = PBXFileReference; lastKnownFileType = sourcecode.swift; path = AuthConfigurator.swift; sourceTree = "<group>"; };
		BE5B087027EF4C07000DCE48 /* URLExtension.swift */ = {isa = PBXFileReference; lastKnownFileType = sourcecode.swift; path = URLExtension.swift; sourceTree = "<group>"; };
		BE5B087327EF55B4000DCE48 /* Token.swift */ = {isa = PBXFileReference; lastKnownFileType = sourcecode.swift; path = Token.swift; sourceTree = "<group>"; };
		BEC0CD4827EE5DAD000331A0 /* WelcomePresenter.swift */ = {isa = PBXFileReference; lastKnownFileType = sourcecode.swift; path = WelcomePresenter.swift; sourceTree = "<group>"; };
		BEC0CD4B27EE5E40000331A0 /* WelcomeModel.swift */ = {isa = PBXFileReference; lastKnownFileType = sourcecode.swift; path = WelcomeModel.swift; sourceTree = "<group>"; };
		BEC0CD4E27EE5F15000331A0 /* WelcomeConfigurator.swift */ = {isa = PBXFileReference; lastKnownFileType = sourcecode.swift; path = WelcomeConfigurator.swift; sourceTree = "<group>"; };
		BED4A9CA27EF5A77003F847C /* Storage.swift */ = {isa = PBXFileReference; lastKnownFileType = sourcecode.swift; path = Storage.swift; sourceTree = "<group>"; };
		BED4A9CC27EF96D2003F847C /* DesignatedError.swift */ = {isa = PBXFileReference; lastKnownFileType = sourcecode.swift; path = DesignatedError.swift; sourceTree = "<group>"; };
		BED4A9CE27EFA2CD003F847C /* UIAlertControllerExtension.swift */ = {isa = PBXFileReference; lastKnownFileType = sourcecode.swift; path = UIAlertControllerExtension.swift; sourceTree = "<group>"; };
		BED4A9D527EFB189003F847C /* GalleryCollectionViewController.swift */ = {isa = PBXFileReference; lastKnownFileType = sourcecode.swift; path = GalleryCollectionViewController.swift; sourceTree = "<group>"; };
		BED4A9D627EFB189003F847C /* GalleryCollectionViewController.xib */ = {isa = PBXFileReference; lastKnownFileType = file.xib; path = GalleryCollectionViewController.xib; sourceTree = "<group>"; };
		BED8041C27EE5039007A08F6 /* Mobile App Galery.app */ = {isa = PBXFileReference; explicitFileType = wrapper.application; includeInIndex = 0; path = "Mobile App Galery.app"; sourceTree = BUILT_PRODUCTS_DIR; };
		BED8041F27EE5039007A08F6 /* AppDelegate.swift */ = {isa = PBXFileReference; lastKnownFileType = sourcecode.swift; path = AppDelegate.swift; sourceTree = "<group>"; };
		BED8042127EE5039007A08F6 /* SceneDelegate.swift */ = {isa = PBXFileReference; lastKnownFileType = sourcecode.swift; path = SceneDelegate.swift; sourceTree = "<group>"; };
		BED8042827EE503A007A08F6 /* Assets.xcassets */ = {isa = PBXFileReference; lastKnownFileType = folder.assetcatalog; path = Assets.xcassets; sourceTree = "<group>"; };
		BED8042B27EE503A007A08F6 /* Base */ = {isa = PBXFileReference; lastKnownFileType = file.storyboard; name = Base; path = Base.lproj/LaunchScreen.storyboard; sourceTree = "<group>"; };
		BED8042D27EE503A007A08F6 /* Info.plist */ = {isa = PBXFileReference; lastKnownFileType = text.plist.xml; path = Info.plist; sourceTree = "<group>"; };
		BED8043827EE51B5007A08F6 /* WelcomeViewController.swift */ = {isa = PBXFileReference; lastKnownFileType = sourcecode.swift; path = WelcomeViewController.swift; sourceTree = "<group>"; };
		BED8043927EE51B5007A08F6 /* WelcomeViewController.xib */ = {isa = PBXFileReference; lastKnownFileType = file.xib; path = WelcomeViewController.xib; sourceTree = "<group>"; };
		BEDDDED727F2589E008ECEBA /* PhotoViewController.swift */ = {isa = PBXFileReference; lastKnownFileType = sourcecode.swift; path = PhotoViewController.swift; sourceTree = "<group>"; };
		BEDDDEDB27F259C7008ECEBA /* PhotoPresenter.swift */ = {isa = PBXFileReference; lastKnownFileType = sourcecode.swift; path = PhotoPresenter.swift; sourceTree = "<group>"; };
		BEDDDEDD27F259D1008ECEBA /* PhotoModel.swift */ = {isa = PBXFileReference; lastKnownFileType = sourcecode.swift; path = PhotoModel.swift; sourceTree = "<group>"; };
		BEDDDEDF27F25A0E008ECEBA /* PhotoConfigurator.swift */ = {isa = PBXFileReference; lastKnownFileType = sourcecode.swift; path = PhotoConfigurator.swift; sourceTree = "<group>"; };
		BEDDDEE227F2617F008ECEBA /* PhotoCollectionViewCell.swift */ = {isa = PBXFileReference; lastKnownFileType = sourcecode.swift; path = PhotoCollectionViewCell.swift; sourceTree = "<group>"; };
		BEDDDEE327F2617F008ECEBA /* PhotoCollectionViewCell.xib */ = {isa = PBXFileReference; lastKnownFileType = file.xib; path = PhotoCollectionViewCell.xib; sourceTree = "<group>"; };
		BEED98BB27F31FD3007D25E6 /* PhotoViewController.xib */ = {isa = PBXFileReference; fileEncoding = 4; lastKnownFileType = file.xib; path = PhotoViewController.xib; sourceTree = "<group>"; };
		BEED98C127F326F6007D25E6 /* ShareViewController.swift */ = {isa = PBXFileReference; lastKnownFileType = sourcecode.swift; path = ShareViewController.swift; sourceTree = "<group>"; };
/* End PBXFileReference section */

/* Begin PBXFrameworksBuildPhase section */
		BED8041927EE5039007A08F6 /* Frameworks */ = {
			isa = PBXFrameworksBuildPhase;
			buildActionMask = 2147483647;
			files = (
			);
			runOnlyForDeploymentPostprocessing = 0;
		};
/* End PBXFrameworksBuildPhase section */

/* Begin PBXGroup section */
		BE0926D327F078980061E87E /* GalleryCollectionViewCell */ = {
			isa = PBXGroup;
			children = (
				BE0926D427F078B40061E87E /* GalleryCollectionViewCell.swift */,
				BE0926D527F078B40061E87E /* GalleryCollectionViewCell.xib */,
			);
			path = GalleryCollectionViewCell;
			sourceTree = "<group>";
		};
		BE40184C27EF306300F2E1DD /* Helpers */ = {
			isa = PBXGroup;
			children = (
				BE5B085C27EF430F000DCE48 /* Extensions */,
				BE40184D27EF307900F2E1DD /* Constants.swift */,
			);
			path = Helpers;
			sourceTree = "<group>";
		};
		BE5B085C27EF430F000DCE48 /* Extensions */ = {
			isa = PBXGroup;
			children = (
				BE5B087027EF4C07000DCE48 /* URLExtension.swift */,
				BED4A9CE27EFA2CD003F847C /* UIAlertControllerExtension.swift */,
				BE0926DC27F200380061E87E /* UIBarButtonItemExtension.swift */,
				BE0926DE27F2019F0061E87E /* NavigationControllerExtension.swift */,
			);
			path = Extensions;
			sourceTree = "<group>";
		};
		BE5B085F27EF43DC000DCE48 /* AuthModule */ = {
			isa = PBXGroup;
			children = (
				BE5B086927EF45AC000DCE48 /* AuthConfigurator */,
				BE5B086827EF459A000DCE48 /* AuthModel */,
				BE5B086727EF4590000DCE48 /* AuthPresenter */,
				BE5B086227EF440F000DCE48 /* AuthViewController */,
			);
			path = AuthModule;
			sourceTree = "<group>";
		};
		BE5B086227EF440F000DCE48 /* AuthViewController */ = {
			isa = PBXGroup;
			children = (
				BE5B086327EF4425000DCE48 /* AuthViewController.swift */,
				BE5B086427EF4425000DCE48 /* AuthViewController.xib */,
			);
			path = AuthViewController;
			sourceTree = "<group>";
		};
		BE5B086727EF4590000DCE48 /* AuthPresenter */ = {
			isa = PBXGroup;
			children = (
				BE5B086A27EF45CB000DCE48 /* AuthPresenter.swift */,
			);
			path = AuthPresenter;
			sourceTree = "<group>";
		};
		BE5B086827EF459A000DCE48 /* AuthModel */ = {
			isa = PBXGroup;
			children = (
				BE5B086C27EF45D7000DCE48 /* AuthModel.swift */,
			);
			path = AuthModel;
			sourceTree = "<group>";
		};
		BE5B086927EF45AC000DCE48 /* AuthConfigurator */ = {
			isa = PBXGroup;
			children = (
				BE5B086E27EF45E3000DCE48 /* AuthConfigurator.swift */,
			);
			path = AuthConfigurator;
			sourceTree = "<group>";
		};
		BE5B087227EF55A1000DCE48 /* Network */ = {
			isa = PBXGroup;
			children = (
				BE40184727EF2F6D00F2E1DD /* NetworkService.swift */,
				BE40184927EF2F7F00F2E1DD /* RequestBuilder.swift */,
				BE0926DA27F0FBBD0061E87E /* ResponseHandler.swift */,
			);
			path = Network;
			sourceTree = "<group>";
		};
		BEC0CD4427EE5D1B000331A0 /* WelcomeViewController */ = {
			isa = PBXGroup;
			children = (
				BED8043827EE51B5007A08F6 /* WelcomeViewController.swift */,
				BED8043927EE51B5007A08F6 /* WelcomeViewController.xib */,
			);
			path = WelcomeViewController;
			sourceTree = "<group>";
		};
		BEC0CD4527EE5D4D000331A0 /* WelcomePresenter */ = {
			isa = PBXGroup;
			children = (
				BEC0CD4827EE5DAD000331A0 /* WelcomePresenter.swift */,
			);
			path = WelcomePresenter;
			sourceTree = "<group>";
		};
		BEC0CD4627EE5D56000331A0 /* WelcomeModel */ = {
			isa = PBXGroup;
			children = (
				BEC0CD4B27EE5E40000331A0 /* WelcomeModel.swift */,
			);
			path = WelcomeModel;
			sourceTree = "<group>";
		};
		BEC0CD4D27EE5E67000331A0 /* WelcomeConfigurator */ = {
			isa = PBXGroup;
			children = (
				BEC0CD4E27EE5F15000331A0 /* WelcomeConfigurator.swift */,
			);
			path = WelcomeConfigurator;
			sourceTree = "<group>";
		};
		BED4A9D027EFB0D2003F847C /* GalleryModule */ = {
			isa = PBXGroup;
			children = (
				BED4A9D427EFB15D003F847C /* GalleryConfigurator */,
				BED4A9D327EFB152003F847C /* GalleryModel */,
				BED4A9D227EFB127003F847C /* GalleryPresenter */,
				BED4A9D127EFB111003F847C /* GalleryCollectionViewController */,
			);
			path = GalleryModule;
			sourceTree = "<group>";
		};
		BED4A9D127EFB111003F847C /* GalleryCollectionViewController */ = {
			isa = PBXGroup;
			children = (
				BED4A9D527EFB189003F847C /* GalleryCollectionViewController.swift */,
				BED4A9D627EFB189003F847C /* GalleryCollectionViewController.xib */,
			);
			path = GalleryCollectionViewController;
			sourceTree = "<group>";
		};
		BED4A9D227EFB127003F847C /* GalleryPresenter */ = {
			isa = PBXGroup;
			children = (
				BE0926CD27F070370061E87E /* GalleryPresenter.swift */,
			);
			path = GalleryPresenter;
			sourceTree = "<group>";
		};
		BED4A9D327EFB152003F847C /* GalleryModel */ = {
			isa = PBXGroup;
			children = (
				BE0926CF27F070400061E87E /* GalleryModel.swift */,
			);
			path = GalleryModel;
			sourceTree = "<group>";
		};
		BED4A9D427EFB15D003F847C /* GalleryConfigurator */ = {
			isa = PBXGroup;
			children = (
				BE0926D127F0704E0061E87E /* GalleryConfigurator.swift */,
			);
			path = GalleryConfigurator;
			sourceTree = "<group>";
		};
		BED8041327EE5039007A08F6 = {
			isa = PBXGroup;
			children = (
				BED8041E27EE5039007A08F6 /* Mobile App Galery */,
				BED8041D27EE5039007A08F6 /* Products */,
			);
			sourceTree = "<group>";
		};
		BED8041D27EE5039007A08F6 /* Products */ = {
			isa = PBXGroup;
			children = (
				BED8041C27EE5039007A08F6 /* Mobile App Galery.app */,
			);
			name = Products;
			sourceTree = "<group>";
		};
		BED8041E27EE5039007A08F6 /* Mobile App Galery */ = {
			isa = PBXGroup;
			children = (
				BE40184C27EF306300F2E1DD /* Helpers */,
				BED8043627EE513F007A08F6 /* Resources */,
				BED8043327EE5100007A08F6 /* Components */,
				BED8043427EE5114007A08F6 /* Modules */,
				BED8043527EE511B007A08F6 /* Entities */,
			);
			path = "Mobile App Galery";
			sourceTree = "<group>";
		};
		BED8043327EE5100007A08F6 /* Components */ = {
			isa = PBXGroup;
			children = (
				BED8041F27EE5039007A08F6 /* AppDelegate.swift */,
				BED8042127EE5039007A08F6 /* SceneDelegate.swift */,
				BED8042D27EE503A007A08F6 /* Info.plist */,
			);
			path = Components;
			sourceTree = "<group>";
		};
		BED8043427EE5114007A08F6 /* Modules */ = {
			isa = PBXGroup;
			children = (
				BEED98BF27F326DD007D25E6 /* ShareModule */,
				BEDDDED227F25824008ECEBA /* PhotoModule */,
				BED4A9D027EFB0D2003F847C /* GalleryModule */,
				BE5B085F27EF43DC000DCE48 /* AuthModule */,
				BED8043727EE5191007A08F6 /* WelcomeModule */,
			);
			path = Modules;
			sourceTree = "<group>";
		};
		BED8043527EE511B007A08F6 /* Entities */ = {
			isa = PBXGroup;
			children = (
				BEDDDEE127F26160008ECEBA /* PhotoCollectionViewCell */,
				BE0926D327F078980061E87E /* GalleryCollectionViewCell */,
				BE5B087227EF55A1000DCE48 /* Network */,
				BE5B087327EF55B4000DCE48 /* Token.swift */,
				BED4A9CA27EF5A77003F847C /* Storage.swift */,
				BED4A9CC27EF96D2003F847C /* DesignatedError.swift */,
				BE0926D827F0ACDD0061E87E /* Album.swift */,
			);
			path = Entities;
			sourceTree = "<group>";
		};
		BED8043627EE513F007A08F6 /* Resources */ = {
			isa = PBXGroup;
			children = (
				BED8042827EE503A007A08F6 /* Assets.xcassets */,
				BED8042A27EE503A007A08F6 /* LaunchScreen.storyboard */,
			);
			path = Resources;
			sourceTree = "<group>";
		};
		BED8043727EE5191007A08F6 /* WelcomeModule */ = {
			isa = PBXGroup;
			children = (
				BEC0CD4D27EE5E67000331A0 /* WelcomeConfigurator */,
				BEC0CD4627EE5D56000331A0 /* WelcomeModel */,
				BEC0CD4527EE5D4D000331A0 /* WelcomePresenter */,
				BEC0CD4427EE5D1B000331A0 /* WelcomeViewController */,
			);
			path = WelcomeModule;
			sourceTree = "<group>";
		};
		BEDDDED227F25824008ECEBA /* PhotoModule */ = {
			isa = PBXGroup;
			children = (
				BEDDDED327F25842008ECEBA /* PhotoConfigurator */,
				BEDDDED627F2586E008ECEBA /* PhotoModel */,
				BEDDDED527F25865008ECEBA /* PhotoPresenter */,
				BEDDDED427F25850008ECEBA /* PhotoViewController */,
			);
			path = PhotoModule;
			sourceTree = "<group>";
		};
		BEDDDED327F25842008ECEBA /* PhotoConfigurator */ = {
			isa = PBXGroup;
			children = (
				BEDDDEDF27F25A0E008ECEBA /* PhotoConfigurator.swift */,
			);
			path = PhotoConfigurator;
			sourceTree = "<group>";
		};
		BEDDDED427F25850008ECEBA /* PhotoViewController */ = {
			isa = PBXGroup;
			children = (
				BEED98BB27F31FD3007D25E6 /* PhotoViewController.xib */,
				BEDDDED727F2589E008ECEBA /* PhotoViewController.swift */,
			);
			path = PhotoViewController;
			sourceTree = "<group>";
		};
		BEDDDED527F25865008ECEBA /* PhotoPresenter */ = {
			isa = PBXGroup;
			children = (
				BEDDDEDB27F259C7008ECEBA /* PhotoPresenter.swift */,
			);
			path = PhotoPresenter;
			sourceTree = "<group>";
		};
		BEDDDED627F2586E008ECEBA /* PhotoModel */ = {
			isa = PBXGroup;
			children = (
				BEDDDEDD27F259D1008ECEBA /* PhotoModel.swift */,
			);
			path = PhotoModel;
			sourceTree = "<group>";
		};
		BEDDDEE127F26160008ECEBA /* PhotoCollectionViewCell */ = {
			isa = PBXGroup;
			children = (
				BEDDDEE227F2617F008ECEBA /* PhotoCollectionViewCell.swift */,
				BEDDDEE327F2617F008ECEBA /* PhotoCollectionViewCell.xib */,
			);
			path = PhotoCollectionViewCell;
			sourceTree = "<group>";
		};
		BEED98BF27F326DD007D25E6 /* ShareModule */ = {
			isa = PBXGroup;
			children = (
				BEED98C027F326E7007D25E6 /* ShareViewController */,
			);
			path = ShareModule;
			sourceTree = "<group>";
		};
		BEED98C027F326E7007D25E6 /* ShareViewController */ = {
			isa = PBXGroup;
			children = (
				BEED98C127F326F6007D25E6 /* ShareViewController.swift */,
			);
			path = ShareViewController;
			sourceTree = "<group>";
		};
/* End PBXGroup section */

/* Begin PBXNativeTarget section */
		BED8041B27EE5039007A08F6 /* Mobile App Galery */ = {
			isa = PBXNativeTarget;
			buildConfigurationList = BED8043027EE503A007A08F6 /* Build configuration list for PBXNativeTarget "Mobile App Galery" */;
			buildPhases = (
				BED8041827EE5039007A08F6 /* Sources */,
				BED8041927EE5039007A08F6 /* Frameworks */,
				BED8041A27EE5039007A08F6 /* Resources */,
			);
			buildRules = (
			);
			dependencies = (
			);
			name = "Mobile App Galery";
			productName = "VK-OAuth-App";
			productReference = BED8041C27EE5039007A08F6 /* Mobile App Galery.app */;
			productType = "com.apple.product-type.application";
		};
/* End PBXNativeTarget section */

/* Begin PBXProject section */
		BED8041427EE5039007A08F6 /* Project object */ = {
			isa = PBXProject;
			attributes = {
				BuildIndependentTargetsInParallel = 1;
				LastSwiftUpdateCheck = 1310;
				LastUpgradeCheck = 1310;
				TargetAttributes = {
					BED8041B27EE5039007A08F6 = {
						CreatedOnToolsVersion = 13.1;
					};
				};
			};
			buildConfigurationList = BED8041727EE5039007A08F6 /* Build configuration list for PBXProject "Mobile App Galery" */;
			compatibilityVersion = "Xcode 13.0";
			developmentRegion = en;
			hasScannedForEncodings = 0;
			knownRegions = (
				en,
				Base,
			);
			mainGroup = BED8041327EE5039007A08F6;
			productRefGroup = BED8041D27EE5039007A08F6 /* Products */;
			projectDirPath = "";
			projectRoot = "";
			targets = (
				BED8041B27EE5039007A08F6 /* Mobile App Galery */,
			);
		};
/* End PBXProject section */

/* Begin PBXResourcesBuildPhase section */
		BED8041A27EE5039007A08F6 /* Resources */ = {
			isa = PBXResourcesBuildPhase;
			buildActionMask = 2147483647;
			files = (
				BE5B086627EF4425000DCE48 /* AuthViewController.xib in Resources */,
				BEED98BC27F31FD3007D25E6 /* PhotoViewController.xib in Resources */,
				BE0926D727F078B40061E87E /* GalleryCollectionViewCell.xib in Resources */,
				BED8042C27EE503A007A08F6 /* LaunchScreen.storyboard in Resources */,
				BED8042927EE503A007A08F6 /* Assets.xcassets in Resources */,
				BEDDDEE527F2617F008ECEBA /* PhotoCollectionViewCell.xib in Resources */,
				BED8043B27EE51B5007A08F6 /* WelcomeViewController.xib in Resources */,
				BED4A9D827EFB189003F847C /* GalleryCollectionViewController.xib in Resources */,
			);
			runOnlyForDeploymentPostprocessing = 0;
		};
/* End PBXResourcesBuildPhase section */

/* Begin PBXSourcesBuildPhase section */
		BED8041827EE5039007A08F6 /* Sources */ = {
			isa = PBXSourcesBuildPhase;
			buildActionMask = 2147483647;
			files = (
				BED8043A27EE51B5007A08F6 /* WelcomeViewController.swift in Sources */,
				BE5B087127EF4C07000DCE48 /* URLExtension.swift in Sources */,
				BEC0CD4927EE5DAD000331A0 /* WelcomePresenter.swift in Sources */,
				BE0926DB27F0FBBD0061E87E /* ResponseHandler.swift in Sources */,
				BED4A9CD27EF96D2003F847C /* DesignatedError.swift in Sources */,
				BE0926D627F078B40061E87E /* GalleryCollectionViewCell.swift in Sources */,
				BE0926DD27F200380061E87E /* UIBarButtonItemExtension.swift in Sources */,
				BEDDDEDC27F259C7008ECEBA /* PhotoPresenter.swift in Sources */,
				BE0926DF27F2019F0061E87E /* NavigationControllerExtension.swift in Sources */,
				BEDDDEE427F2617F008ECEBA /* PhotoCollectionViewCell.swift in Sources */,
				BE5B086527EF4425000DCE48 /* AuthViewController.swift in Sources */,
				BED8042027EE5039007A08F6 /* AppDelegate.swift in Sources */,
				BEED98C227F326F6007D25E6 /* ShareViewController.swift in Sources */,
				BE0926CE27F070370061E87E /* GalleryPresenter.swift in Sources */,
				BE0926D027F070400061E87E /* GalleryModel.swift in Sources */,
				BEC0CD4F27EE5F15000331A0 /* WelcomeConfigurator.swift in Sources */,
				BE5B087427EF55B4000DCE48 /* Token.swift in Sources */,
				BE5B086D27EF45D7000DCE48 /* AuthModel.swift in Sources */,
				BE5B086B27EF45CB000DCE48 /* AuthPresenter.swift in Sources */,
				BE0926D227F0704E0061E87E /* GalleryConfigurator.swift in Sources */,
				BEDDDEDE27F259D1008ECEBA /* PhotoModel.swift in Sources */,
				BED8042227EE5039007A08F6 /* SceneDelegate.swift in Sources */,
				BEC0CD4C27EE5E40000331A0 /* WelcomeModel.swift in Sources */,
				BEDDDEE027F25A0E008ECEBA /* PhotoConfigurator.swift in Sources */,
				BE40184827EF2F6D00F2E1DD /* NetworkService.swift in Sources */,
				BE40184A27EF2F7F00F2E1DD /* RequestBuilder.swift in Sources */,
				BED4A9D727EFB189003F847C /* GalleryCollectionViewController.swift in Sources */,
				BED4A9CF27EFA2CD003F847C /* UIAlertControllerExtension.swift in Sources */,
				BED4A9CB27EF5A77003F847C /* Storage.swift in Sources */,
				BE40184E27EF307900F2E1DD /* Constants.swift in Sources */,
				BEDDDED927F2589E008ECEBA /* PhotoViewController.swift in Sources */,
				BE5B086F27EF45E3000DCE48 /* AuthConfigurator.swift in Sources */,
				BE0926D927F0ACDD0061E87E /* Album.swift in Sources */,
			);
			runOnlyForDeploymentPostprocessing = 0;
		};
/* End PBXSourcesBuildPhase section */

/* Begin PBXVariantGroup section */
		BED8042A27EE503A007A08F6 /* LaunchScreen.storyboard */ = {
			isa = PBXVariantGroup;
			children = (
				BED8042B27EE503A007A08F6 /* Base */,
			);
			name = LaunchScreen.storyboard;
			sourceTree = "<group>";
		};
/* End PBXVariantGroup section */

/* Begin XCBuildConfiguration section */
		BED8042E27EE503A007A08F6 /* Debug */ = {
			isa = XCBuildConfiguration;
			buildSettings = {
				ALWAYS_SEARCH_USER_PATHS = NO;
				CLANG_ANALYZER_NONNULL = YES;
				CLANG_ANALYZER_NUMBER_OBJECT_CONVERSION = YES_AGGRESSIVE;
				CLANG_CXX_LANGUAGE_STANDARD = "gnu++17";
				CLANG_CXX_LIBRARY = "libc++";
				CLANG_ENABLE_MODULES = YES;
				CLANG_ENABLE_OBJC_ARC = YES;
				CLANG_ENABLE_OBJC_WEAK = YES;
				CLANG_WARN_BLOCK_CAPTURE_AUTORELEASING = YES;
				CLANG_WARN_BOOL_CONVERSION = YES;
				CLANG_WARN_COMMA = YES;
				CLANG_WARN_CONSTANT_CONVERSION = YES;
				CLANG_WARN_DEPRECATED_OBJC_IMPLEMENTATIONS = YES;
				CLANG_WARN_DIRECT_OBJC_ISA_USAGE = YES_ERROR;
				CLANG_WARN_DOCUMENTATION_COMMENTS = YES;
				CLANG_WARN_EMPTY_BODY = YES;
				CLANG_WARN_ENUM_CONVERSION = YES;
				CLANG_WARN_INFINITE_RECURSION = YES;
				CLANG_WARN_INT_CONVERSION = YES;
				CLANG_WARN_NON_LITERAL_NULL_CONVERSION = YES;
				CLANG_WARN_OBJC_IMPLICIT_RETAIN_SELF = YES;
				CLANG_WARN_OBJC_LITERAL_CONVERSION = YES;
				CLANG_WARN_OBJC_ROOT_CLASS = YES_ERROR;
				CLANG_WARN_QUOTED_INCLUDE_IN_FRAMEWORK_HEADER = YES;
				CLANG_WARN_RANGE_LOOP_ANALYSIS = YES;
				CLANG_WARN_STRICT_PROTOTYPES = YES;
				CLANG_WARN_SUSPICIOUS_MOVE = YES;
				CLANG_WARN_UNGUARDED_AVAILABILITY = YES_AGGRESSIVE;
				CLANG_WARN_UNREACHABLE_CODE = YES;
				CLANG_WARN__DUPLICATE_METHOD_MATCH = YES;
				COPY_PHASE_STRIP = NO;
				DEBUG_INFORMATION_FORMAT = dwarf;
				ENABLE_STRICT_OBJC_MSGSEND = YES;
				ENABLE_TESTABILITY = YES;
				GCC_C_LANGUAGE_STANDARD = gnu11;
				GCC_DYNAMIC_NO_PIC = NO;
				GCC_NO_COMMON_BLOCKS = YES;
				GCC_OPTIMIZATION_LEVEL = 0;
				GCC_PREPROCESSOR_DEFINITIONS = (
					"DEBUG=1",
					"$(inherited)",
				);
				GCC_WARN_64_TO_32_BIT_CONVERSION = YES;
				GCC_WARN_ABOUT_RETURN_TYPE = YES_ERROR;
				GCC_WARN_UNDECLARED_SELECTOR = YES;
				GCC_WARN_UNINITIALIZED_AUTOS = YES_AGGRESSIVE;
				GCC_WARN_UNUSED_FUNCTION = YES;
				GCC_WARN_UNUSED_VARIABLE = YES;
				IPHONEOS_DEPLOYMENT_TARGET = 15.0;
				MTL_ENABLE_DEBUG_INFO = INCLUDE_SOURCE;
				MTL_FAST_MATH = YES;
				ONLY_ACTIVE_ARCH = YES;
				SDKROOT = iphoneos;
				SWIFT_ACTIVE_COMPILATION_CONDITIONS = DEBUG;
				SWIFT_OPTIMIZATION_LEVEL = "-Onone";
			};
			name = Debug;
		};
		BED8042F27EE503A007A08F6 /* Release */ = {
			isa = XCBuildConfiguration;
			buildSettings = {
				ALWAYS_SEARCH_USER_PATHS = NO;
				CLANG_ANALYZER_NONNULL = YES;
				CLANG_ANALYZER_NUMBER_OBJECT_CONVERSION = YES_AGGRESSIVE;
				CLANG_CXX_LANGUAGE_STANDARD = "gnu++17";
				CLANG_CXX_LIBRARY = "libc++";
				CLANG_ENABLE_MODULES = YES;
				CLANG_ENABLE_OBJC_ARC = YES;
				CLANG_ENABLE_OBJC_WEAK = YES;
				CLANG_WARN_BLOCK_CAPTURE_AUTORELEASING = YES;
				CLANG_WARN_BOOL_CONVERSION = YES;
				CLANG_WARN_COMMA = YES;
				CLANG_WARN_CONSTANT_CONVERSION = YES;
				CLANG_WARN_DEPRECATED_OBJC_IMPLEMENTATIONS = YES;
				CLANG_WARN_DIRECT_OBJC_ISA_USAGE = YES_ERROR;
				CLANG_WARN_DOCUMENTATION_COMMENTS = YES;
				CLANG_WARN_EMPTY_BODY = YES;
				CLANG_WARN_ENUM_CONVERSION = YES;
				CLANG_WARN_INFINITE_RECURSION = YES;
				CLANG_WARN_INT_CONVERSION = YES;
				CLANG_WARN_NON_LITERAL_NULL_CONVERSION = YES;
				CLANG_WARN_OBJC_IMPLICIT_RETAIN_SELF = YES;
				CLANG_WARN_OBJC_LITERAL_CONVERSION = YES;
				CLANG_WARN_OBJC_ROOT_CLASS = YES_ERROR;
				CLANG_WARN_QUOTED_INCLUDE_IN_FRAMEWORK_HEADER = YES;
				CLANG_WARN_RANGE_LOOP_ANALYSIS = YES;
				CLANG_WARN_STRICT_PROTOTYPES = YES;
				CLANG_WARN_SUSPICIOUS_MOVE = YES;
				CLANG_WARN_UNGUARDED_AVAILABILITY = YES_AGGRESSIVE;
				CLANG_WARN_UNREACHABLE_CODE = YES;
				CLANG_WARN__DUPLICATE_METHOD_MATCH = YES;
				COPY_PHASE_STRIP = NO;
				DEBUG_INFORMATION_FORMAT = "dwarf-with-dsym";
				ENABLE_NS_ASSERTIONS = NO;
				ENABLE_STRICT_OBJC_MSGSEND = YES;
				GCC_C_LANGUAGE_STANDARD = gnu11;
				GCC_NO_COMMON_BLOCKS = YES;
				GCC_WARN_64_TO_32_BIT_CONVERSION = YES;
				GCC_WARN_ABOUT_RETURN_TYPE = YES_ERROR;
				GCC_WARN_UNDECLARED_SELECTOR = YES;
				GCC_WARN_UNINITIALIZED_AUTOS = YES_AGGRESSIVE;
				GCC_WARN_UNUSED_FUNCTION = YES;
				GCC_WARN_UNUSED_VARIABLE = YES;
				IPHONEOS_DEPLOYMENT_TARGET = 15.0;
				MTL_ENABLE_DEBUG_INFO = NO;
				MTL_FAST_MATH = YES;
				SDKROOT = iphoneos;
				SWIFT_COMPILATION_MODE = wholemodule;
				SWIFT_OPTIMIZATION_LEVEL = "-O";
				VALIDATE_PRODUCT = YES;
			};
			name = Release;
		};
		BED8043127EE503A007A08F6 /* Debug */ = {
			isa = XCBuildConfiguration;
			buildSettings = {
				ASSETCATALOG_COMPILER_APPICON_NAME = AppIcon;
				ASSETCATALOG_COMPILER_GLOBAL_ACCENT_COLOR_NAME = AccentColor;
				CODE_SIGN_STYLE = Automatic;
				CURRENT_PROJECT_VERSION = 1;
				DEVELOPMENT_TEAM = AK4J8H6K7D;
				GENERATE_INFOPLIST_FILE = YES;
				INFOPLIST_FILE = "Mobile app Galery/Components/Info.plist";
				INFOPLIST_KEY_UIApplicationSupportsIndirectInputEvents = YES;
				INFOPLIST_KEY_UILaunchStoryboardName = LaunchScreen;
				INFOPLIST_KEY_UISupportedInterfaceOrientations_iPad = "UIInterfaceOrientationPortrait UIInterfaceOrientationPortraitUpsideDown UIInterfaceOrientationLandscapeLeft UIInterfaceOrientationLandscapeRight";
				INFOPLIST_KEY_UISupportedInterfaceOrientations_iPhone = "UIInterfaceOrientationPortrait UIInterfaceOrientationLandscapeLeft UIInterfaceOrientationLandscapeRight";
				IPHONEOS_DEPLOYMENT_TARGET = 13.0;
				LD_RUNPATH_SEARCH_PATHS = (
					"$(inherited)",
					"@executable_path/Frameworks",
				);
				MARKETING_VERSION = 1.0;
				PRODUCT_BUNDLE_IDENTIFIER = "com.kotsan777.Mobile-App-Galery";
				PRODUCT_NAME = "$(TARGET_NAME)";
				SWIFT_EMIT_LOC_STRINGS = YES;
				SWIFT_VERSION = 5.0;
				TARGETED_DEVICE_FAMILY = 1;
			};
			name = Debug;
		};
		BED8043227EE503A007A08F6 /* Release */ = {
			isa = XCBuildConfiguration;
			buildSettings = {
				ASSETCATALOG_COMPILER_APPICON_NAME = AppIcon;
				ASSETCATALOG_COMPILER_GLOBAL_ACCENT_COLOR_NAME = AccentColor;
				CODE_SIGN_STYLE = Automatic;
				CURRENT_PROJECT_VERSION = 1;
				DEVELOPMENT_TEAM = AK4J8H6K7D;
				GENERATE_INFOPLIST_FILE = YES;
				INFOPLIST_FILE = "Mobile app Galery/Components/Info.plist";
				INFOPLIST_KEY_UIApplicationSupportsIndirectInputEvents = YES;
				INFOPLIST_KEY_UILaunchStoryboardName = LaunchScreen;
				INFOPLIST_KEY_UISupportedInterfaceOrientations_iPad = "UIInterfaceOrientationPortrait UIInterfaceOrientationPortraitUpsideDown UIInterfaceOrientationLandscapeLeft UIInterfaceOrientationLandscapeRight";
				INFOPLIST_KEY_UISupportedInterfaceOrientations_iPhone = "UIInterfaceOrientationPortrait UIInterfaceOrientationLandscapeLeft UIInterfaceOrientationLandscapeRight";
				IPHONEOS_DEPLOYMENT_TARGET = 13.0;
				LD_RUNPATH_SEARCH_PATHS = (
					"$(inherited)",
					"@executable_path/Frameworks",
				);
				MARKETING_VERSION = 1.0;
				PRODUCT_BUNDLE_IDENTIFIER = "com.kotsan777.Mobile-App-Galery";
				PRODUCT_NAME = "$(TARGET_NAME)";
				SWIFT_EMIT_LOC_STRINGS = YES;
				SWIFT_VERSION = 5.0;
				TARGETED_DEVICE_FAMILY = 1;
			};
			name = Release;
		};
/* End XCBuildConfiguration section */

/* Begin XCConfigurationList section */
		BED8041727EE5039007A08F6 /* Build configuration list for PBXProject "Mobile App Galery" */ = {
			isa = XCConfigurationList;
			buildConfigurations = (
				BED8042E27EE503A007A08F6 /* Debug */,
				BED8042F27EE503A007A08F6 /* Release */,
			);
			defaultConfigurationIsVisible = 0;
			defaultConfigurationName = Release;
		};
		BED8043027EE503A007A08F6 /* Build configuration list for PBXNativeTarget "Mobile App Galery" */ = {
			isa = XCConfigurationList;
			buildConfigurations = (
				BED8043127EE503A007A08F6 /* Debug */,
				BED8043227EE503A007A08F6 /* Release */,
			);
			defaultConfigurationIsVisible = 0;
			defaultConfigurationName = Release;
		};
/* End XCConfigurationList section */
	};
	rootObject = BED8041427EE5039007A08F6 /* Project object */;
}
