// !$*UTF8*$!
{
	archiveVersion = 1;
	classes = {
	};
	objectVersion = 55;
	objects = {

/* Begin PBXBuildFile section */
		BEC0CD4927EE5DAD000331A0 /* WelcomePresenter.swift in Sources */ = {isa = PBXBuildFile; fileRef = BEC0CD4827EE5DAD000331A0 /* WelcomePresenter.swift */; };
		BEC0CD4C27EE5E40000331A0 /* WelcomeModel.swift in Sources */ = {isa = PBXBuildFile; fileRef = BEC0CD4B27EE5E40000331A0 /* WelcomeModel.swift */; };
		BEC0CD4F27EE5F15000331A0 /* WelcomeConfigurator.swift in Sources */ = {isa = PBXBuildFile; fileRef = BEC0CD4E27EE5F15000331A0 /* WelcomeConfigurator.swift */; };
		BED8042027EE5039007A08F6 /* AppDelegate.swift in Sources */ = {isa = PBXBuildFile; fileRef = BED8041F27EE5039007A08F6 /* AppDelegate.swift */; };
		BED8042227EE5039007A08F6 /* SceneDelegate.swift in Sources */ = {isa = PBXBuildFile; fileRef = BED8042127EE5039007A08F6 /* SceneDelegate.swift */; };
		BED8042927EE503A007A08F6 /* Assets.xcassets in Resources */ = {isa = PBXBuildFile; fileRef = BED8042827EE503A007A08F6 /* Assets.xcassets */; };
		BED8042C27EE503A007A08F6 /* LaunchScreen.storyboard in Resources */ = {isa = PBXBuildFile; fileRef = BED8042A27EE503A007A08F6 /* LaunchScreen.storyboard */; };
		BED8043A27EE51B5007A08F6 /* WelcomeViewController.swift in Sources */ = {isa = PBXBuildFile; fileRef = BED8043827EE51B5007A08F6 /* WelcomeViewController.swift */; };
		BED8043B27EE51B5007A08F6 /* WelcomeViewController.xib in Resources */ = {isa = PBXBuildFile; fileRef = BED8043927EE51B5007A08F6 /* WelcomeViewController.xib */; };
/* End PBXBuildFile section */

/* Begin PBXFileReference section */
		BEC0CD4827EE5DAD000331A0 /* WelcomePresenter.swift */ = {isa = PBXFileReference; lastKnownFileType = sourcecode.swift; path = WelcomePresenter.swift; sourceTree = "<group>"; };
		BEC0CD4B27EE5E40000331A0 /* WelcomeModel.swift */ = {isa = PBXFileReference; lastKnownFileType = sourcecode.swift; path = WelcomeModel.swift; sourceTree = "<group>"; };
		BEC0CD4E27EE5F15000331A0 /* WelcomeConfigurator.swift */ = {isa = PBXFileReference; lastKnownFileType = sourcecode.swift; path = WelcomeConfigurator.swift; sourceTree = "<group>"; };
		BED8041C27EE5039007A08F6 /* Mobile App Galery.app */ = {isa = PBXFileReference; explicitFileType = wrapper.application; includeInIndex = 0; path = "Mobile App Galery.app"; sourceTree = BUILT_PRODUCTS_DIR; };
		BED8041F27EE5039007A08F6 /* AppDelegate.swift */ = {isa = PBXFileReference; lastKnownFileType = sourcecode.swift; path = AppDelegate.swift; sourceTree = "<group>"; };
		BED8042127EE5039007A08F6 /* SceneDelegate.swift */ = {isa = PBXFileReference; lastKnownFileType = sourcecode.swift; path = SceneDelegate.swift; sourceTree = "<group>"; };
		BED8042827EE503A007A08F6 /* Assets.xcassets */ = {isa = PBXFileReference; lastKnownFileType = folder.assetcatalog; path = Assets.xcassets; sourceTree = "<group>"; };
		BED8042B27EE503A007A08F6 /* Base */ = {isa = PBXFileReference; lastKnownFileType = file.storyboard; name = Base; path = Base.lproj/LaunchScreen.storyboard; sourceTree = "<group>"; };
		BED8042D27EE503A007A08F6 /* Info.plist */ = {isa = PBXFileReference; lastKnownFileType = text.plist.xml; path = Info.plist; sourceTree = "<group>"; };
		BED8043827EE51B5007A08F6 /* WelcomeViewController.swift */ = {isa = PBXFileReference; lastKnownFileType = sourcecode.swift; path = WelcomeViewController.swift; sourceTree = "<group>"; };
		BED8043927EE51B5007A08F6 /* WelcomeViewController.xib */ = {isa = PBXFileReference; lastKnownFileType = file.xib; path = WelcomeViewController.xib; sourceTree = "<group>"; };
/* End PBXFileReference section */

/* Begin PBXFrameworksBuildPhase section */
		BED8041927EE5039007A08F6 /* Frameworks */ = {
			isa = PBXFrameworksBuildPhase;
			buildActionMask = 2147483647;
			files = (
			);
			runOnlyForDeploymentPostprocessing = 0;
		};
/* End PBXFrameworksBuildPhase section */

/* Begin PBXGroup section */
		BEC0CD4427EE5D1B000331A0 /* WelcomeViewController */ = {
			isa = PBXGroup;
			children = (
				BED8043827EE51B5007A08F6 /* WelcomeViewController.swift */,
				BED8043927EE51B5007A08F6 /* WelcomeViewController.xib */,
			);
			path = WelcomeViewController;
			sourceTree = "<group>";
		};
		BEC0CD4527EE5D4D000331A0 /* WelcomePresenter */ = {
			isa = PBXGroup;
			children = (
				BEC0CD4827EE5DAD000331A0 /* WelcomePresenter.swift */,
			);
			path = WelcomePresenter;
			sourceTree = "<group>";
		};
		BEC0CD4627EE5D56000331A0 /* WelcomeModel */ = {
			isa = PBXGroup;
			children = (
				BEC0CD4B27EE5E40000331A0 /* WelcomeModel.swift */,
			);
			path = WelcomeModel;
			sourceTree = "<group>";
		};
		BEC0CD4D27EE5E67000331A0 /* WelcomeConfigurator */ = {
			isa = PBXGroup;
			children = (
				BEC0CD4E27EE5F15000331A0 /* WelcomeConfigurator.swift */,
			);
			path = WelcomeConfigurator;
			sourceTree = "<group>";
		};
		BED8041327EE5039007A08F6 = {
			isa = PBXGroup;
			children = (
				BED8041E27EE5039007A08F6 /* Mobile App Galery */,
				BED8041D27EE5039007A08F6 /* Products */,
			);
			sourceTree = "<group>";
		};
		BED8041D27EE5039007A08F6 /* Products */ = {
			isa = PBXGroup;
			children = (
				BED8041C27EE5039007A08F6 /* Mobile App Galery.app */,
			);
			name = Products;
			sourceTree = "<group>";
		};
		BED8041E27EE5039007A08F6 /* Mobile App Galery */ = {
			isa = PBXGroup;
			children = (
				BED8043627EE513F007A08F6 /* Resources */,
				BED8043327EE5100007A08F6 /* Components */,
				BED8043427EE5114007A08F6 /* Modules */,
				BED8043527EE511B007A08F6 /* Entities */,
			);
			path = "Mobile App Galery";
			sourceTree = "<group>";
		};
		BED8043327EE5100007A08F6 /* Components */ = {
			isa = PBXGroup;
			children = (
				BED8041F27EE5039007A08F6 /* AppDelegate.swift */,
				BED8042127EE5039007A08F6 /* SceneDelegate.swift */,
				BED8042D27EE503A007A08F6 /* Info.plist */,
			);
			path = Components;
			sourceTree = "<group>";
		};
		BED8043427EE5114007A08F6 /* Modules */ = {
			isa = PBXGroup;
			children = (
				BED8043727EE5191007A08F6 /* WelcomeModule */,
			);
			path = Modules;
			sourceTree = "<group>";
		};
		BED8043527EE511B007A08F6 /* Entities */ = {
			isa = PBXGroup;
			children = (
			);
			path = Entities;
			sourceTree = "<group>";
		};
		BED8043627EE513F007A08F6 /* Resources */ = {
			isa = PBXGroup;
			children = (
				BED8042827EE503A007A08F6 /* Assets.xcassets */,
				BED8042A27EE503A007A08F6 /* LaunchScreen.storyboard */,
			);
			path = Resources;
			sourceTree = "<group>";
		};
		BED8043727EE5191007A08F6 /* WelcomeModule */ = {
			isa = PBXGroup;
			children = (
				BEC0CD4D27EE5E67000331A0 /* WelcomeConfigurator */,
				BEC0CD4627EE5D56000331A0 /* WelcomeModel */,
				BEC0CD4527EE5D4D000331A0 /* WelcomePresenter */,
				BEC0CD4427EE5D1B000331A0 /* WelcomeViewController */,
			);
			path = WelcomeModule;
			sourceTree = "<group>";
		};
/* End PBXGroup section */

/* Begin PBXNativeTarget section */
		BED8041B27EE5039007A08F6 /* Mobile App Galery */ = {
			isa = PBXNativeTarget;
			buildConfigurationList = BED8043027EE503A007A08F6 /* Build configuration list for PBXNativeTarget "Mobile App Galery" */;
			buildPhases = (
				BED8041827EE5039007A08F6 /* Sources */,
				BED8041927EE5039007A08F6 /* Frameworks */,
				BED8041A27EE5039007A08F6 /* Resources */,
			);
			buildRules = (
			);
			dependencies = (
			);
			name = "Mobile App Galery";
			productName = "VK-OAuth-App";
			productReference = BED8041C27EE5039007A08F6 /* Mobile App Galery.app */;
			productType = "com.apple.product-type.application";
		};
/* End PBXNativeTarget section */

/* Begin PBXProject section */
		BED8041427EE5039007A08F6 /* Project object */ = {
			isa = PBXProject;
			attributes = {
				BuildIndependentTargetsInParallel = 1;
				LastSwiftUpdateCheck = 1310;
				LastUpgradeCheck = 1310;
				TargetAttributes = {
					BED8041B27EE5039007A08F6 = {
						CreatedOnToolsVersion = 13.1;
					};
				};
			};
			buildConfigurationList = BED8041727EE5039007A08F6 /* Build configuration list for PBXProject "Mobile App Galery" */;
			compatibilityVersion = "Xcode 13.0";
			developmentRegion = en;
			hasScannedForEncodings = 0;
			knownRegions = (
				en,
				Base,
			);
			mainGroup = BED8041327EE5039007A08F6;
			productRefGroup = BED8041D27EE5039007A08F6 /* Products */;
			projectDirPath = "";
			projectRoot = "";
			targets = (
				BED8041B27EE5039007A08F6 /* Mobile App Galery */,
			);
		};
/* End PBXProject section */

/* Begin PBXResourcesBuildPhase section */
		BED8041A27EE5039007A08F6 /* Resources */ = {
			isa = PBXResourcesBuildPhase;
			buildActionMask = 2147483647;
			files = (
				BED8042C27EE503A007A08F6 /* LaunchScreen.storyboard in Resources */,
				BED8042927EE503A007A08F6 /* Assets.xcassets in Resources */,
				BED8043B27EE51B5007A08F6 /* WelcomeViewController.xib in Resources */,
			);
			runOnlyForDeploymentPostprocessing = 0;
		};
/* End PBXResourcesBuildPhase section */

/* Begin PBXSourcesBuildPhase section */
		BED8041827EE5039007A08F6 /* Sources */ = {
			isa = PBXSourcesBuildPhase;
			buildActionMask = 2147483647;
			files = (
				BED8043A27EE51B5007A08F6 /* WelcomeViewController.swift in Sources */,
				BEC0CD4927EE5DAD000331A0 /* WelcomePresenter.swift in Sources */,
				BED8042027EE5039007A08F6 /* AppDelegate.swift in Sources */,
				BEC0CD4F27EE5F15000331A0 /* WelcomeConfigurator.swift in Sources */,
				BED8042227EE5039007A08F6 /* SceneDelegate.swift in Sources */,
				BEC0CD4C27EE5E40000331A0 /* WelcomeModel.swift in Sources */,
			);
			runOnlyForDeploymentPostprocessing = 0;
		};
/* End PBXSourcesBuildPhase section */

/* Begin PBXVariantGroup section */
		BED8042A27EE503A007A08F6 /* LaunchScreen.storyboard */ = {
			isa = PBXVariantGroup;
			children = (
				BED8042B27EE503A007A08F6 /* Base */,
			);
			name = LaunchScreen.storyboard;
			sourceTree = "<group>";
		};
/* End PBXVariantGroup section */

/* Begin XCBuildConfiguration section */
		BED8042E27EE503A007A08F6 /* Debug */ = {
			isa = XCBuildConfiguration;
			buildSettings = {
				ALWAYS_SEARCH_USER_PATHS = NO;
				CLANG_ANALYZER_NONNULL = YES;
				CLANG_ANALYZER_NUMBER_OBJECT_CONVERSION = YES_AGGRESSIVE;
				CLANG_CXX_LANGUAGE_STANDARD = "gnu++17";
				CLANG_CXX_LIBRARY = "libc++";
				CLANG_ENABLE_MODULES = YES;
				CLANG_ENABLE_OBJC_ARC = YES;
				CLANG_ENABLE_OBJC_WEAK = YES;
				CLANG_WARN_BLOCK_CAPTURE_AUTORELEASING = YES;
				CLANG_WARN_BOOL_CONVERSION = YES;
				CLANG_WARN_COMMA = YES;
				CLANG_WARN_CONSTANT_CONVERSION = YES;
				CLANG_WARN_DEPRECATED_OBJC_IMPLEMENTATIONS = YES;
				CLANG_WARN_DIRECT_OBJC_ISA_USAGE = YES_ERROR;
				CLANG_WARN_DOCUMENTATION_COMMENTS = YES;
				CLANG_WARN_EMPTY_BODY = YES;
				CLANG_WARN_ENUM_CONVERSION = YES;
				CLANG_WARN_INFINITE_RECURSION = YES;
				CLANG_WARN_INT_CONVERSION = YES;
				CLANG_WARN_NON_LITERAL_NULL_CONVERSION = YES;
				CLANG_WARN_OBJC_IMPLICIT_RETAIN_SELF = YES;
				CLANG_WARN_OBJC_LITERAL_CONVERSION = YES;
				CLANG_WARN_OBJC_ROOT_CLASS = YES_ERROR;
				CLANG_WARN_QUOTED_INCLUDE_IN_FRAMEWORK_HEADER = YES;
				CLANG_WARN_RANGE_LOOP_ANALYSIS = YES;
				CLANG_WARN_STRICT_PROTOTYPES = YES;
				CLANG_WARN_SUSPICIOUS_MOVE = YES;
				CLANG_WARN_UNGUARDED_AVAILABILITY = YES_AGGRESSIVE;
				CLANG_WARN_UNREACHABLE_CODE = YES;
				CLANG_WARN__DUPLICATE_METHOD_MATCH = YES;
				COPY_PHASE_STRIP = NO;
				DEBUG_INFORMATION_FORMAT = dwarf;
				ENABLE_STRICT_OBJC_MSGSEND = YES;
				ENABLE_TESTABILITY = YES;
				GCC_C_LANGUAGE_STANDARD = gnu11;
				GCC_DYNAMIC_NO_PIC = NO;
				GCC_NO_COMMON_BLOCKS = YES;
				GCC_OPTIMIZATION_LEVEL = 0;
				GCC_PREPROCESSOR_DEFINITIONS = (
					"DEBUG=1",
					"$(inherited)",
				);
				GCC_WARN_64_TO_32_BIT_CONVERSION = YES;
				GCC_WARN_ABOUT_RETURN_TYPE = YES_ERROR;
				GCC_WARN_UNDECLARED_SELECTOR = YES;
				GCC_WARN_UNINITIALIZED_AUTOS = YES_AGGRESSIVE;
				GCC_WARN_UNUSED_FUNCTION = YES;
				GCC_WARN_UNUSED_VARIABLE = YES;
				IPHONEOS_DEPLOYMENT_TARGET = 15.0;
				MTL_ENABLE_DEBUG_INFO = INCLUDE_SOURCE;
				MTL_FAST_MATH = YES;
				ONLY_ACTIVE_ARCH = YES;
				SDKROOT = iphoneos;
				SWIFT_ACTIVE_COMPILATION_CONDITIONS = DEBUG;
				SWIFT_OPTIMIZATION_LEVEL = "-Onone";
			};
			name = Debug;
		};
		BED8042F27EE503A007A08F6 /* Release */ = {
			isa = XCBuildConfiguration;
			buildSettings = {
				ALWAYS_SEARCH_USER_PATHS = NO;
				CLANG_ANALYZER_NONNULL = YES;
				CLANG_ANALYZER_NUMBER_OBJECT_CONVERSION = YES_AGGRESSIVE;
				CLANG_CXX_LANGUAGE_STANDARD = "gnu++17";
				CLANG_CXX_LIBRARY = "libc++";
				CLANG_ENABLE_MODULES = YES;
				CLANG_ENABLE_OBJC_ARC = YES;
				CLANG_ENABLE_OBJC_WEAK = YES;
				CLANG_WARN_BLOCK_CAPTURE_AUTORELEASING = YES;
				CLANG_WARN_BOOL_CONVERSION = YES;
				CLANG_WARN_COMMA = YES;
				CLANG_WARN_CONSTANT_CONVERSION = YES;
				CLANG_WARN_DEPRECATED_OBJC_IMPLEMENTATIONS = YES;
				CLANG_WARN_DIRECT_OBJC_ISA_USAGE = YES_ERROR;
				CLANG_WARN_DOCUMENTATION_COMMENTS = YES;
				CLANG_WARN_EMPTY_BODY = YES;
				CLANG_WARN_ENUM_CONVERSION = YES;
				CLANG_WARN_INFINITE_RECURSION = YES;
				CLANG_WARN_INT_CONVERSION = YES;
				CLANG_WARN_NON_LITERAL_NULL_CONVERSION = YES;
				CLANG_WARN_OBJC_IMPLICIT_RETAIN_SELF = YES;
				CLANG_WARN_OBJC_LITERAL_CONVERSION = YES;
				CLANG_WARN_OBJC_ROOT_CLASS = YES_ERROR;
				CLANG_WARN_QUOTED_INCLUDE_IN_FRAMEWORK_HEADER = YES;
				CLANG_WARN_RANGE_LOOP_ANALYSIS = YES;
				CLANG_WARN_STRICT_PROTOTYPES = YES;
				CLANG_WARN_SUSPICIOUS_MOVE = YES;
				CLANG_WARN_UNGUARDED_AVAILABILITY = YES_AGGRESSIVE;
				CLANG_WARN_UNREACHABLE_CODE = YES;
				CLANG_WARN__DUPLICATE_METHOD_MATCH = YES;
				COPY_PHASE_STRIP = NO;
				DEBUG_INFORMATION_FORMAT = "dwarf-with-dsym";
				ENABLE_NS_ASSERTIONS = NO;
				ENABLE_STRICT_OBJC_MSGSEND = YES;
				GCC_C_LANGUAGE_STANDARD = gnu11;
				GCC_NO_COMMON_BLOCKS = YES;
				GCC_WARN_64_TO_32_BIT_CONVERSION = YES;
				GCC_WARN_ABOUT_RETURN_TYPE = YES_ERROR;
				GCC_WARN_UNDECLARED_SELECTOR = YES;
				GCC_WARN_UNINITIALIZED_AUTOS = YES_AGGRESSIVE;
				GCC_WARN_UNUSED_FUNCTION = YES;
				GCC_WARN_UNUSED_VARIABLE = YES;
				IPHONEOS_DEPLOYMENT_TARGET = 15.0;
				MTL_ENABLE_DEBUG_INFO = NO;
				MTL_FAST_MATH = YES;
				SDKROOT = iphoneos;
				SWIFT_COMPILATION_MODE = wholemodule;
				SWIFT_OPTIMIZATION_LEVEL = "-O";
				VALIDATE_PRODUCT = YES;
			};
			name = Release;
		};
		BED8043127EE503A007A08F6 /* Debug */ = {
			isa = XCBuildConfiguration;
			buildSettings = {
				ASSETCATALOG_COMPILER_APPICON_NAME = AppIcon;
				ASSETCATALOG_COMPILER_GLOBAL_ACCENT_COLOR_NAME = AccentColor;
				CODE_SIGN_STYLE = Automatic;
				CURRENT_PROJECT_VERSION = 1;
				DEVELOPMENT_TEAM = AK4J8H6K7D;
				GENERATE_INFOPLIST_FILE = YES;
				INFOPLIST_FILE = "Mobile app Galery/Components/Info.plist";
				INFOPLIST_KEY_UIApplicationSupportsIndirectInputEvents = YES;
				INFOPLIST_KEY_UILaunchStoryboardName = LaunchScreen;
				INFOPLIST_KEY_UISupportedInterfaceOrientations_iPad = "UIInterfaceOrientationPortrait UIInterfaceOrientationPortraitUpsideDown UIInterfaceOrientationLandscapeLeft UIInterfaceOrientationLandscapeRight";
				INFOPLIST_KEY_UISupportedInterfaceOrientations_iPhone = "UIInterfaceOrientationPortrait UIInterfaceOrientationLandscapeLeft UIInterfaceOrientationLandscapeRight";
				IPHONEOS_DEPLOYMENT_TARGET = 13.0;
				LD_RUNPATH_SEARCH_PATHS = (
					"$(inherited)",
					"@executable_path/Frameworks",
				);
				MARKETING_VERSION = 1.0;
				PRODUCT_BUNDLE_IDENTIFIER = "com.kotsan777.Mobile-App-Galery";
				PRODUCT_NAME = "$(TARGET_NAME)";
				SWIFT_EMIT_LOC_STRINGS = YES;
				SWIFT_VERSION = 5.0;
				TARGETED_DEVICE_FAMILY = 1;
			};
			name = Debug;
		};
		BED8043227EE503A007A08F6 /* Release */ = {
			isa = XCBuildConfiguration;
			buildSettings = {
				ASSETCATALOG_COMPILER_APPICON_NAME = AppIcon;
				ASSETCATALOG_COMPILER_GLOBAL_ACCENT_COLOR_NAME = AccentColor;
				CODE_SIGN_STYLE = Automatic;
				CURRENT_PROJECT_VERSION = 1;
				DEVELOPMENT_TEAM = AK4J8H6K7D;
				GENERATE_INFOPLIST_FILE = YES;
				INFOPLIST_FILE = "Mobile app Galery/Components/Info.plist";
				INFOPLIST_KEY_UIApplicationSupportsIndirectInputEvents = YES;
				INFOPLIST_KEY_UILaunchStoryboardName = LaunchScreen;
				INFOPLIST_KEY_UISupportedInterfaceOrientations_iPad = "UIInterfaceOrientationPortrait UIInterfaceOrientationPortraitUpsideDown UIInterfaceOrientationLandscapeLeft UIInterfaceOrientationLandscapeRight";
				INFOPLIST_KEY_UISupportedInterfaceOrientations_iPhone = "UIInterfaceOrientationPortrait UIInterfaceOrientationLandscapeLeft UIInterfaceOrientationLandscapeRight";
				IPHONEOS_DEPLOYMENT_TARGET = 13.0;
				LD_RUNPATH_SEARCH_PATHS = (
					"$(inherited)",
					"@executable_path/Frameworks",
				);
				MARKETING_VERSION = 1.0;
				PRODUCT_BUNDLE_IDENTIFIER = "com.kotsan777.Mobile-App-Galery";
				PRODUCT_NAME = "$(TARGET_NAME)";
				SWIFT_EMIT_LOC_STRINGS = YES;
				SWIFT_VERSION = 5.0;
				TARGETED_DEVICE_FAMILY = 1;
			};
			name = Release;
		};
/* End XCBuildConfiguration section */

/* Begin XCConfigurationList section */
		BED8041727EE5039007A08F6 /* Build configuration list for PBXProject "Mobile App Galery" */ = {
			isa = XCConfigurationList;
			buildConfigurations = (
				BED8042E27EE503A007A08F6 /* Debug */,
				BED8042F27EE503A007A08F6 /* Release */,
			);
			defaultConfigurationIsVisible = 0;
			defaultConfigurationName = Release;
		};
		BED8043027EE503A007A08F6 /* Build configuration list for PBXNativeTarget "Mobile App Galery" */ = {
			isa = XCConfigurationList;
			buildConfigurations = (
				BED8043127EE503A007A08F6 /* Debug */,
				BED8043227EE503A007A08F6 /* Release */,
			);
			defaultConfigurationIsVisible = 0;
			defaultConfigurationName = Release;
		};
/* End XCConfigurationList section */
	};
	rootObject = BED8041427EE5039007A08F6 /* Project object */;
}
